
Microsoft Visual Studio Solution File, Format Version 12.00
# Visual Studio 2012
Project("{FAE04EC0-301F-11D3-BF4B-00C04F79EFBC}") = "VTSim.Presentation", "VTSim.Presentation\VTSim.Presentation.csproj", "{2A306DBA-9FF5-4D15-B3CE-3BBB59F9762C}"
EndProject
Project("{FAE04EC0-301F-11D3-BF4B-00C04F79EFBC}") = "VTSim.Models", "VTSim.Models\VTSim.Models.csproj", "{447EA0BF-85DE-4402-BE53-EC6D79C2E5A9}"
EndProject
Project("{FAE04EC0-301F-11D3-BF4B-00C04F79EFBC}") = "VTSim.Services", "VTSim.Services\VTSim.Services.csproj", "{15BF7C35-629D-4898-83FF-0EC01991B3F8}"
EndProject
Global
	GlobalSection(SolutionConfigurationPlatforms) = preSolution
		Debug|Any CPU = Debug|Any CPU
		Release|Any CPU = Release|Any CPU
	EndGlobalSection
	GlobalSection(ProjectConfigurationPlatforms) = postSolution
		{2A306DBA-9FF5-4D15-B3CE-3BBB59F9762C}.Debug|Any CPU.ActiveCfg = Debug|Any CPU
		{2A306DBA-9FF5-4D15-B3CE-3BBB59F9762C}.Debug|Any CPU.Build.0 = Debug|Any CPU
		{2A306DBA-9FF5-4D15-B3CE-3BBB59F9762C}.Release|Any CPU.ActiveCfg = Release|Any CPU
		{2A306DBA-9FF5-4D15-B3CE-3BBB59F9762C}.Release|Any CPU.Build.0 = Release|Any CPU
		{447EA0BF-85DE-4402-BE53-EC6D79C2E5A9}.Debug|Any CPU.ActiveCfg = Debug|Any CPU
		{447EA0BF-85DE-4402-BE53-EC6D79C2E5A9}.Debug|Any CPU.Build.0 = Debug|Any CPU
		{447EA0BF-85DE-4402-BE53-EC6D79C2E5A9}.Release|Any CPU.ActiveCfg = Release|Any CPU
		{447EA0BF-85DE-4402-BE53-EC6D79C2E5A9}.Release|Any CPU.Build.0 = Release|Any CPU
		{15BF7C35-629D-4898-83FF-0EC01991B3F8}.Debug|Any CPU.ActiveCfg = Debug|Any CPU
		{15BF7C35-629D-4898-83FF-0EC01991B3F8}.Debug|Any CPU.Build.0 = Debug|Any CPU
		{15BF7C35-629D-4898-83FF-0EC01991B3F8}.Release|Any CPU.ActiveCfg = Release|Any CPU
		{15BF7C35-629D-4898-83FF-0EC01991B3F8}.Release|Any CPU.Build.0 = Release|Any CPU
	EndGlobalSection
	GlobalSection(SolutionProperties) = preSolution
		HideSolutionNode = FALSE
	EndGlobalSection
EndGlobal
